# This file is generated by running "yarn install" inside your project.
# Manual changes might be lost - proceed with caution!

__metadata:
  version: 8
  cacheKey: 10c0

"yarn-lock@workspace:.":
  version: 0.0.0-use.local
  resolution: "yarn-lock@workspace:."
  dependencies:
    zod: "npm:^1"
  languageName: unknown
  linkType: soft

"zod@npm:^1":
  version: 1.11.17
  resolution: "zod@npm:1.11.17"
  checksum: 10c0/fd95791a2d21b84884ce922e9cf6049a28534fafb1406baab0d41f8fc4bef2e69eae57c4b8b958584a6d031c5b584157ec4d24c307d4df2938050457b570364a
  languageName: node
  linkType: hard
