# This file is generated by running "yarn install" inside your project.
# Manual changes might be lost - proceed with caution!

__metadata:
  version: 8
  cacheKey: 10c0

"yarn-lock@workspace:.":
  version: 0.0.0-use.local
  resolution: "yarn-lock@workspace:."
  dependencies:
    zod: "npm:^3.2.0"
  languageName: unknown
  linkType: soft

"zod@npm:^3.2.0":
  version: 3.25.76
  resolution: "zod@npm:3.25.76"
  checksum: 10c0/5718ec35e3c40b600316c5b4c5e4976f7fee68151bc8f8d90ec18a469be9571f072e1bbaace10f1e85cf8892ea12d90821b200e980ab46916a6166a4260a983c
  languageName: node
  linkType: hard
